// !$*UTF8*$!
{
	archiveVersion = 1;
	classes = {
	};
	objectVersion = 48;
	objects = {

/* Begin PBXBuildFile section */
		20E2CAFA20D8FAEC00753E46 /* AppDelegate.m in Sources */ = {isa = PBXBuildFile; fileRef = 20E2CAF920D8FAEC00753E46 /* AppDelegate.m */; };
		20E2CAFD20D8FAEC00753E46 /* ViewController.m in Sources */ = {isa = PBXBuildFile; fileRef = 20E2CAFC20D8FAEC00753E46 /* ViewController.m */; };
		20E2CB0020D8FAEC00753E46 /* Main.storyboard in Resources */ = {isa = PBXBuildFile; fileRef = 20E2CAFE20D8FAEC00753E46 /* Main.storyboard */; };
		20E2CB0320D8FAEC00753E46 /* ModuleManagerProtocol.xcdatamodeld in Sources */ = {isa = PBXBuildFile; fileRef = 20E2CB0120D8FAEC00753E46 /* ModuleManagerProtocol.xcdatamodeld */; };
		20E2CB0520D8FAEC00753E46 /* Assets.xcassets in Resources */ = {isa = PBXBuildFile; fileRef = 20E2CB0420D8FAEC00753E46 /* Assets.xcassets */; };
		20E2CB0820D8FAEC00753E46 /* LaunchScreen.storyboard in Resources */ = {isa = PBXBuildFile; fileRef = 20E2CB0620D8FAEC00753E46 /* LaunchScreen.storyboard */; };
		20E2CB0B20D8FAED00753E46 /* main.m in Sources */ = {isa = PBXBuildFile; fileRef = 20E2CB0A20D8FAED00753E46 /* main.m */; };
		20E2CB1520D8FAED00753E46 /* ModuleManagerProtocolTests.m in Sources */ = {isa = PBXBuildFile; fileRef = 20E2CB1420D8FAED00753E46 /* ModuleManagerProtocolTests.m */; };
		20E2CB2020D8FAED00753E46 /* ModuleManagerProtocolUITests.m in Sources */ = {isa = PBXBuildFile; fileRef = 20E2CB1F20D8FAED00753E46 /* ModuleManagerProtocolUITests.m */; };
		20E2CB3020D8FD1300753E46 /* ModuleManagerProtocol.m in Sources */ = {isa = PBXBuildFile; fileRef = 20E2CB2F20D8FD1300753E46 /* ModuleManagerProtocol.m */; };
/* End PBXBuildFile section */

/* Begin PBXContainerItemProxy section */
		20E2CB1120D8FAED00753E46 /* PBXContainerItemProxy */ = {
			isa = PBXContainerItemProxy;
			containerPortal = 20E2CAED20D8FAEC00753E46 /* Project object */;
			proxyType = 1;
			remoteGlobalIDString = 20E2CAF420D8FAEC00753E46;
			remoteInfo = ModuleManagerProtocol;
		};
		20E2CB1C20D8FAED00753E46 /* PBXContainerItemProxy */ = {
			isa = PBXContainerItemProxy;
			containerPortal = 20E2CAED20D8FAEC00753E46 /* Project object */;
			proxyType = 1;
			remoteGlobalIDString = 20E2CAF420D8FAEC00753E46;
			remoteInfo = ModuleManagerProtocol;
		};
/* End PBXContainerItemProxy section */

/* Begin PBXFileReference section */
		20E2CAF520D8FAEC00753E46 /* ModuleManagerProtocol.app */ = {isa = PBXFileReference; explicitFileType = wrapper.application; includeInIndex = 0; path = ModuleManagerProtocol.app; sourceTree = BUILT_PRODUCTS_DIR; };
		20E2CAF820D8FAEC00753E46 /* AppDelegate.h */ = {isa = PBXFileReference; lastKnownFileType = sourcecode.c.h; path = AppDelegate.h; sourceTree = "<group>"; };
		20E2CAF920D8FAEC00753E46 /* AppDelegate.m */ = {isa = PBXFileReference; lastKnownFileType = sourcecode.c.objc; path = AppDelegate.m; sourceTree = "<group>"; };
		20E2CAFB20D8FAEC00753E46 /* ViewController.h */ = {isa = PBXFileReference; lastKnownFileType = sourcecode.c.h; path = ViewController.h; sourceTree = "<group>"; };
		20E2CAFC20D8FAEC00753E46 /* ViewController.m */ = {isa = PBXFileReference; lastKnownFileType = sourcecode.c.objc; path = ViewController.m; sourceTree = "<group>"; };
		20E2CAFF20D8FAEC00753E46 /* Base */ = {isa = PBXFileReference; lastKnownFileType = file.storyboard; name = Base; path = Base.lproj/Main.storyboard; sourceTree = "<group>"; };
		20E2CB0220D8FAEC00753E46 /* ModuleManagerProtocol.xcdatamodel */ = {isa = PBXFileReference; lastKnownFileType = wrapper.xcdatamodel; path = ModuleManagerProtocol.xcdatamodel; sourceTree = "<group>"; };
		20E2CB0420D8FAEC00753E46 /* Assets.xcassets */ = {isa = PBXFileReference; lastKnownFileType = folder.assetcatalog; path = Assets.xcassets; sourceTree = "<group>"; };
		20E2CB0720D8FAEC00753E46 /* Base */ = {isa = PBXFileReference; lastKnownFileType = file.storyboard; name = Base; path = Base.lproj/LaunchScreen.storyboard; sourceTree = "<group>"; };
		20E2CB0920D8FAED00753E46 /* Info.plist */ = {isa = PBXFileReference; lastKnownFileType = text.plist.xml; path = Info.plist; sourceTree = "<group>"; };
		20E2CB0A20D8FAED00753E46 /* main.m */ = {isa = PBXFileReference; lastKnownFileType = sourcecode.c.objc; path = main.m; sourceTree = "<group>"; };
		20E2CB1020D8FAED00753E46 /* ModuleManagerProtocolTests.xctest */ = {isa = PBXFileReference; explicitFileType = wrapper.cfbundle; includeInIndex = 0; path = ModuleManagerProtocolTests.xctest; sourceTree = BUILT_PRODUCTS_DIR; };
		20E2CB1420D8FAED00753E46 /* ModuleManagerProtocolTests.m */ = {isa = PBXFileReference; lastKnownFileType = sourcecode.c.objc; path = ModuleManagerProtocolTests.m; sourceTree = "<group>"; };
		20E2CB1620D8FAED00753E46 /* Info.plist */ = {isa = PBXFileReference; lastKnownFileType = text.plist.xml; path = Info.plist; sourceTree = "<group>"; };
		20E2CB1B20D8FAED00753E46 /* ModuleManagerProtocolUITests.xctest */ = {isa = PBXFileReference; explicitFileType = wrapper.cfbundle; includeInIndex = 0; path = ModuleManagerProtocolUITests.xctest; sourceTree = BUILT_PRODUCTS_DIR; };
		20E2CB1F20D8FAED00753E46 /* ModuleManagerProtocolUITests.m */ = {isa = PBXFileReference; lastKnownFileType = sourcecode.c.objc; path = ModuleManagerProtocolUITests.m; sourceTree = "<group>"; };
		20E2CB2120D8FAED00753E46 /* Info.plist */ = {isa = PBXFileReference; lastKnownFileType = text.plist.xml; path = Info.plist; sourceTree = "<group>"; };
		20E2CB2E20D8FD1300753E46 /* ModuleManagerProtocol.h */ = {isa = PBXFileReference; lastKnownFileType = sourcecode.c.h; path = ModuleManagerProtocol.h; sourceTree = "<group>"; };
		20E2CB2F20D8FD1300753E46 /* ModuleManagerProtocol.m */ = {isa = PBXFileReference; lastKnownFileType = sourcecode.c.objc; path = ModuleManagerProtocol.m; sourceTree = "<group>"; };
/* End PBXFileReference section */

/* Begin PBXFrameworksBuildPhase section */
		20E2CAF220D8FAEC00753E46 /* Frameworks */ = {
			isa = PBXFrameworksBuildPhase;
			buildActionMask = 2147483647;
			files = (
			);
			runOnlyForDeploymentPostprocessing = 0;
		};
		20E2CB0D20D8FAED00753E46 /* Frameworks */ = {
			isa = PBXFrameworksBuildPhase;
			buildActionMask = 2147483647;
			files = (
			);
			runOnlyForDeploymentPostprocessing = 0;
		};
		20E2CB1820D8FAED00753E46 /* Frameworks */ = {
			isa = PBXFrameworksBuildPhase;
			buildActionMask = 2147483647;
			files = (
			);
			runOnlyForDeploymentPostprocessing = 0;
		};
/* End PBXFrameworksBuildPhase section */

/* Begin PBXGroup section */
		20E2CAEC20D8FAEC00753E46 = {
			isa = PBXGroup;
			children = (
				20E2CAF720D8FAEC00753E46 /* ModuleManagerProtocol */,
				20E2CB1320D8FAED00753E46 /* ModuleManagerProtocolTests */,
				20E2CB1E20D8FAED00753E46 /* ModuleManagerProtocolUITests */,
				20E2CAF620D8FAEC00753E46 /* Products */,
			);
			sourceTree = "<group>";
		};
		20E2CAF620D8FAEC00753E46 /* Products */ = {
			isa = PBXGroup;
			children = (
				20E2CAF520D8FAEC00753E46 /* ModuleManagerProtocol.app */,
				20E2CB1020D8FAED00753E46 /* ModuleManagerProtocolTests.xctest */,
				20E2CB1B20D8FAED00753E46 /* ModuleManagerProtocolUITests.xctest */,
			);
			name = Products;
			sourceTree = "<group>";
		};
		20E2CAF720D8FAEC00753E46 /* ModuleManagerProtocol */ = {
			isa = PBXGroup;
			children = (
				20E2CB2D20D8FCFB00753E46 /* ModuleManagerProtocol */,
				20E2CAF820D8FAEC00753E46 /* AppDelegate.h */,
				20E2CAF920D8FAEC00753E46 /* AppDelegate.m */,
				20E2CAFB20D8FAEC00753E46 /* ViewController.h */,
				20E2CAFC20D8FAEC00753E46 /* ViewController.m */,
				20E2CAFE20D8FAEC00753E46 /* Main.storyboard */,
				20E2CB0420D8FAEC00753E46 /* Assets.xcassets */,
				20E2CB0620D8FAEC00753E46 /* LaunchScreen.storyboard */,
				20E2CB0920D8FAED00753E46 /* Info.plist */,
				20E2CB0A20D8FAED00753E46 /* main.m */,
				20E2CB0120D8FAEC00753E46 /* ModuleManagerProtocol.xcdatamodeld */,
			);
			path = ModuleManagerProtocol;
			sourceTree = "<group>";
		};
		20E2CB1320D8FAED00753E46 /* ModuleManagerProtocolTests */ = {
			isa = PBXGroup;
			children = (
				20E2CB1420D8FAED00753E46 /* ModuleManagerProtocolTests.m */,
				20E2CB1620D8FAED00753E46 /* Info.plist */,
			);
			path = ModuleManagerProtocolTests;
			sourceTree = "<group>";
		};
		20E2CB1E20D8FAED00753E46 /* ModuleManagerProtocolUITests */ = {
			isa = PBXGroup;
			children = (
				20E2CB1F20D8FAED00753E46 /* ModuleManagerProtocolUITests.m */,
				20E2CB2120D8FAED00753E46 /* Info.plist */,
			);
			path = ModuleManagerProtocolUITests;
			sourceTree = "<group>";
		};
		20E2CB2D20D8FCFB00753E46 /* ModuleManagerProtocol */ = {
			isa = PBXGroup;
			children = (
				20E2CB2E20D8FD1300753E46 /* ModuleManagerProtocol.h */,
				20E2CB2F20D8FD1300753E46 /* ModuleManagerProtocol.m */,
			);
			path = ModuleManagerProtocol;
			sourceTree = "<group>";
		};
/* End PBXGroup section */

/* Begin PBXNativeTarget section */
		20E2CAF420D8FAEC00753E46 /* ModuleManagerProtocol */ = {
			isa = PBXNativeTarget;
			buildConfigurationList = 20E2CB2420D8FAED00753E46 /* Build configuration list for PBXNativeTarget "ModuleManagerProtocol" */;
			buildPhases = (
				20E2CAF120D8FAEC00753E46 /* Sources */,
				20E2CAF220D8FAEC00753E46 /* Frameworks */,
				20E2CAF320D8FAEC00753E46 /* Resources */,
			);
			buildRules = (
			);
			dependencies = (
			);
			name = ModuleManagerProtocol;
			productName = ModuleManagerProtocol;
			productReference = 20E2CAF520D8FAEC00753E46 /* ModuleManagerProtocol.app */;
			productType = "com.apple.product-type.application";
		};
		20E2CB0F20D8FAED00753E46 /* ModuleManagerProtocolTests */ = {
			isa = PBXNativeTarget;
			buildConfigurationList = 20E2CB2720D8FAED00753E46 /* Build configuration list for PBXNativeTarget "ModuleManagerProtocolTests" */;
			buildPhases = (
				20E2CB0C20D8FAED00753E46 /* Sources */,
				20E2CB0D20D8FAED00753E46 /* Frameworks */,
				20E2CB0E20D8FAED00753E46 /* Resources */,
			);
			buildRules = (
			);
			dependencies = (
				20E2CB1220D8FAED00753E46 /* PBXTargetDependency */,
			);
			name = ModuleManagerProtocolTests;
			productName = ModuleManagerProtocolTests;
			productReference = 20E2CB1020D8FAED00753E46 /* ModuleManagerProtocolTests.xctest */;
			productType = "com.apple.product-type.bundle.unit-test";
		};
		20E2CB1A20D8FAED00753E46 /* ModuleManagerProtocolUITests */ = {
			isa = PBXNativeTarget;
			buildConfigurationList = 20E2CB2A20D8FAED00753E46 /* Build configuration list for PBXNativeTarget "ModuleManagerProtocolUITests" */;
			buildPhases = (
				20E2CB1720D8FAED00753E46 /* Sources */,
				20E2CB1820D8FAED00753E46 /* Frameworks */,
				20E2CB1920D8FAED00753E46 /* Resources */,
			);
			buildRules = (
			);
			dependencies = (
				20E2CB1D20D8FAED00753E46 /* PBXTargetDependency */,
			);
			name = ModuleManagerProtocolUITests;
			productName = ModuleManagerProtocolUITests;
			productReference = 20E2CB1B20D8FAED00753E46 /* ModuleManagerProtocolUITests.xctest */;
			productType = "com.apple.product-type.bundle.ui-testing";
		};
/* End PBXNativeTarget section */

/* Begin PBXProject section */
		20E2CAED20D8FAEC00753E46 /* Project object */ = {
			isa = PBXProject;
			attributes = {
				LastUpgradeCheck = 0920;
				ORGANIZATIONNAME = hyj;
				TargetAttributes = {
					20E2CAF420D8FAEC00753E46 = {
						CreatedOnToolsVersion = 9.2;
						ProvisioningStyle = Automatic;
					};
					20E2CB0F20D8FAED00753E46 = {
						CreatedOnToolsVersion = 9.2;
						ProvisioningStyle = Automatic;
						TestTargetID = 20E2CAF420D8FAEC00753E46;
					};
					20E2CB1A20D8FAED00753E46 = {
						CreatedOnToolsVersion = 9.2;
						ProvisioningStyle = Automatic;
						TestTargetID = 20E2CAF420D8FAEC00753E46;
					};
				};
			};
			buildConfigurationList = 20E2CAF020D8FAEC00753E46 /* Build configuration list for PBXProject "ModuleManagerProtocol" */;
			compatibilityVersion = "Xcode 8.0";
			developmentRegion = en;
			hasScannedForEncodings = 0;
			knownRegions = (
				en,
				Base,
			);
			mainGroup = 20E2CAEC20D8FAEC00753E46;
			productRefGroup = 20E2CAF620D8FAEC00753E46 /* Products */;
			projectDirPath = "";
			projectRoot = "";
			targets = (
				20E2CAF420D8FAEC00753E46 /* ModuleManagerProtocol */,
				20E2CB0F20D8FAED00753E46 /* ModuleManagerProtocolTests */,
				20E2CB1A20D8FAED00753E46 /* ModuleManagerProtocolUITests */,
			);
		};
/* End PBXProject section */

/* Begin PBXResourcesBuildPhase section */
		20E2CAF320D8FAEC00753E46 /* Resources */ = {
			isa = PBXResourcesBuildPhase;
			buildActionMask = 2147483647;
			files = (
				20E2CB0820D8FAEC00753E46 /* LaunchScreen.storyboard in Resources */,
				20E2CB0520D8FAEC00753E46 /* Assets.xcassets in Resources */,
				20E2CB0020D8FAEC00753E46 /* Main.storyboard in Resources */,
			);
			runOnlyForDeploymentPostprocessing = 0;
		};
		20E2CB0E20D8FAED00753E46 /* Resources */ = {
			isa = PBXResourcesBuildPhase;
			buildActionMask = 2147483647;
			files = (
			);
			runOnlyForDeploymentPostprocessing = 0;
		};
		20E2CB1920D8FAED00753E46 /* Resources */ = {
			isa = PBXResourcesBuildPhase;
			buildActionMask = 2147483647;
			files = (
			);
			runOnlyForDeploymentPostprocessing = 0;
		};
/* End PBXResourcesBuildPhase section */

/* Begin PBXSourcesBuildPhase section */
		20E2CAF120D8FAEC00753E46 /* Sources */ = {
			isa = PBXSourcesBuildPhase;
			buildActionMask = 2147483647;
			files = (
				20E2CAFD20D8FAEC00753E46 /* ViewController.m in Sources */,
				20E2CB0320D8FAEC00753E46 /* ModuleManagerProtocol.xcdatamodeld in Sources */,
				20E2CB0B20D8FAED00753E46 /* main.m in Sources */,
				20E2CB3020D8FD1300753E46 /* ModuleManagerProtocol.m in Sources */,
				20E2CAFA20D8FAEC00753E46 /* AppDelegate.m in Sources */,
			);
			runOnlyForDeploymentPostprocessing = 0;
		};
		20E2CB0C20D8FAED00753E46 /* Sources */ = {
			isa = PBXSourcesBuildPhase;
			buildActionMask = 2147483647;
			files = (
				20E2CB1520D8FAED00753E46 /* ModuleManagerProtocolTests.m in Sources */,
			);
			runOnlyForDeploymentPostprocessing = 0;
		};
		20E2CB1720D8FAED00753E46 /* Sources */ = {
			isa = PBXSourcesBuildPhase;
			buildActionMask = 2147483647;
			files = (
				20E2CB2020D8FAED00753E46 /* ModuleManagerProtocolUITests.m in Sources */,
			);
			runOnlyForDeploymentPostprocessing = 0;
		};
/* End PBXSourcesBuildPhase section */

/* Begin PBXTargetDependency section */
		20E2CB1220D8FAED00753E46 /* PBXTargetDependency */ = {
			isa = PBXTargetDependency;
			target = 20E2CAF420D8FAEC00753E46 /* ModuleManagerProtocol */;
			targetProxy = 20E2CB1120D8FAED00753E46 /* PBXContainerItemProxy */;
		};
		20E2CB1D20D8FAED00753E46 /* PBXTargetDependency */ = {
			isa = PBXTargetDependency;
			target = 20E2CAF420D8FAEC00753E46 /* ModuleManagerProtocol */;
			targetProxy = 20E2CB1C20D8FAED00753E46 /* PBXContainerItemProxy */;
		};
/* End PBXTargetDependency section */

/* Begin PBXVariantGroup section */
		20E2CAFE20D8FAEC00753E46 /* Main.storyboard */ = {
			isa = PBXVariantGroup;
			children = (
				20E2CAFF20D8FAEC00753E46 /* Base */,
			);
			name = Main.storyboard;
			sourceTree = "<group>";
		};
		20E2CB0620D8FAEC00753E46 /* LaunchScreen.storyboard */ = {
			isa = PBXVariantGroup;
			children = (
				20E2CB0720D8FAEC00753E46 /* Base */,
			);
			name = LaunchScreen.storyboard;
			sourceTree = "<group>";
		};
/* End PBXVariantGroup section */

/* Begin XCBuildConfiguration section */
		20E2CB2220D8FAED00753E46 /* Debug */ = {
			isa = XCBuildConfiguration;
			buildSettings = {
				ALWAYS_SEARCH_USER_PATHS = NO;
				CLANG_ANALYZER_NONNULL = YES;
				CLANG_ANALYZER_NUMBER_OBJECT_CONVERSION = YES_AGGRESSIVE;
				CLANG_CXX_LANGUAGE_STANDARD = "gnu++14";
				CLANG_CXX_LIBRARY = "libc++";
				CLANG_ENABLE_MODULES = YES;
				CLANG_ENABLE_OBJC_ARC = YES;
				CLANG_WARN_BLOCK_CAPTURE_AUTORELEASING = YES;
				CLANG_WARN_BOOL_CONVERSION = YES;
				CLANG_WARN_COMMA = YES;
				CLANG_WARN_CONSTANT_CONVERSION = YES;
				CLANG_WARN_DIRECT_OBJC_ISA_USAGE = YES_ERROR;
				CLANG_WARN_DOCUMENTATION_COMMENTS = YES;
				CLANG_WARN_EMPTY_BODY = YES;
				CLANG_WARN_ENUM_CONVERSION = YES;
				CLANG_WARN_INFINITE_RECURSION = YES;
				CLANG_WARN_INT_CONVERSION = YES;
				CLANG_WARN_NON_LITERAL_NULL_CONVERSION = YES;
				CLANG_WARN_OBJC_LITERAL_CONVERSION = YES;
				CLANG_WARN_OBJC_ROOT_CLASS = YES_ERROR;
				CLANG_WARN_RANGE_LOOP_ANALYSIS = YES;
				CLANG_WARN_STRICT_PROTOTYPES = YES;
				CLANG_WARN_SUSPICIOUS_MOVE = YES;
				CLANG_WARN_UNGUARDED_AVAILABILITY = YES_AGGRESSIVE;
				CLANG_WARN_UNREACHABLE_CODE = YES;
				CLANG_WARN__DUPLICATE_METHOD_MATCH = YES;
				CODE_SIGN_IDENTITY = "iPhone Developer";
				COPY_PHASE_STRIP = NO;
				DEBUG_INFORMATION_FORMAT = dwarf;
				ENABLE_STRICT_OBJC_MSGSEND = YES;
				ENABLE_TESTABILITY = YES;
				GCC_C_LANGUAGE_STANDARD = gnu11;
				GCC_DYNAMIC_NO_PIC = NO;
				GCC_NO_COMMON_BLOCKS = YES;
				GCC_OPTIMIZATION_LEVEL = 0;
				GCC_PREPROCESSOR_DEFINITIONS = (
					"DEBUG=1",
					"$(inherited)",
				);
				GCC_WARN_64_TO_32_BIT_CONVERSION = YES;
				GCC_WARN_ABOUT_RETURN_TYPE = YES_ERROR;
				GCC_WARN_UNDECLARED_SELECTOR = YES;
				GCC_WARN_UNINITIALIZED_AUTOS = YES_AGGRESSIVE;
				GCC_WARN_UNUSED_FUNCTION = YES;
				GCC_WARN_UNUSED_VARIABLE = YES;
				IPHONEOS_DEPLOYMENT_TARGET = 11.2;
				MTL_ENABLE_DEBUG_INFO = YES;
				ONLY_ACTIVE_ARCH = YES;
				SDKROOT = iphoneos;
			};
			name = Debug;
		};
		20E2CB2320D8FAED00753E46 /* Release */ = {
			isa = XCBuildConfiguration;
			buildSettings = {
				ALWAYS_SEARCH_USER_PATHS = NO;
				CLANG_ANALYZER_NONNULL = YES;
				CLANG_ANALYZER_NUMBER_OBJECT_CONVERSION = YES_AGGRESSIVE;
				CLANG_CXX_LANGUAGE_STANDARD = "gnu++14";
				CLANG_CXX_LIBRARY = "libc++";
				CLANG_ENABLE_MODULES = YES;
				CLANG_ENABLE_OBJC_ARC = YES;
				CLANG_WARN_BLOCK_CAPTURE_AUTORELEASING = YES;
				CLANG_WARN_BOOL_CONVERSION = YES;
				CLANG_WARN_COMMA = YES;
				CLANG_WARN_CONSTANT_CONVERSION = YES;
				CLANG_WARN_DIRECT_OBJC_ISA_USAGE = YES_ERROR;
				CLANG_WARN_DOCUMENTATION_COMMENTS = YES;
				CLANG_WARN_EMPTY_BODY = YES;
				CLANG_WARN_ENUM_CONVERSION = YES;
				CLANG_WARN_INFINITE_RECURSION = YES;
				CLANG_WARN_INT_CONVERSION = YES;
				CLANG_WARN_NON_LITERAL_NULL_CONVERSION = YES;
				CLANG_WARN_OBJC_LITERAL_CONVERSION = YES;
				CLANG_WARN_OBJC_ROOT_CLASS = YES_ERROR;
				CLANG_WARN_RANGE_LOOP_ANALYSIS = YES;
				CLANG_WARN_STRICT_PROTOTYPES = YES;
				CLANG_WARN_SUSPICIOUS_MOVE = YES;
				CLANG_WARN_UNGUARDED_AVAILABILITY = YES_AGGRESSIVE;
				CLANG_WARN_UNREACHABLE_CODE = YES;
				CLANG_WARN__DUPLICATE_METHOD_MATCH = YES;
				CODE_SIGN_IDENTITY = "iPhone Developer";
				COPY_PHASE_STRIP = NO;
				DEBUG_INFORMATION_FORMAT = "dwarf-with-dsym";
				ENABLE_NS_ASSERTIONS = NO;
				ENABLE_STRICT_OBJC_MSGSEND = YES;
				GCC_C_LANGUAGE_STANDARD = gnu11;
				GCC_NO_COMMON_BLOCKS = YES;
				GCC_WARN_64_TO_32_BIT_CONVERSION = YES;
				GCC_WARN_ABOUT_RETURN_TYPE = YES_ERROR;
				GCC_WARN_UNDECLARED_SELECTOR = YES;
				GCC_WARN_UNINITIALIZED_AUTOS = YES_AGGRESSIVE;
				GCC_WARN_UNUSED_FUNCTION = YES;
				GCC_WARN_UNUSED_VARIABLE = YES;
				IPHONEOS_DEPLOYMENT_TARGET = 11.2;
				MTL_ENABLE_DEBUG_INFO = NO;
				SDKROOT = iphoneos;
				VALIDATE_PRODUCT = YES;
			};
			name = Release;
		};
		20E2CB2520D8FAED00753E46 /* Debug */ = {
			isa = XCBuildConfiguration;
			buildSettings = {
				ASSETCATALOG_COMPILER_APPICON_NAME = AppIcon;
				CODE_SIGN_STYLE = Automatic;
				DEVELOPMENT_TEAM = 9ARJ6CAR26;
				INFOPLIST_FILE = ModuleManagerProtocol/Info.plist;
				LD_RUNPATH_SEARCH_PATHS = "$(inherited) @executable_path/Frameworks";
				PRODUCT_BUNDLE_IDENTIFIER = hyj.ModuleManagerProtocol;
				PRODUCT_NAME = "$(TARGET_NAME)";
				TARGETED_DEVICE_FAMILY = "1,2";
			};
			name = Debug;
		};
		20E2CB2620D8FAED00753E46 /* Release */ = {
			isa = XCBuildConfiguration;
			buildSettings = {
				ASSETCATALOG_COMPILER_APPICON_NAME = AppIcon;
				CODE_SIGN_STYLE = Automatic;
				DEVELOPMENT_TEAM = 9ARJ6CAR26;
				INFOPLIST_FILE = ModuleManagerProtocol/Info.plist;
				LD_RUNPATH_SEARCH_PATHS = "$(inherited) @executable_path/Frameworks";
				PRODUCT_BUNDLE_IDENTIFIER = hyj.ModuleManagerProtocol;
				PRODUCT_NAME = "$(TARGET_NAME)";
				TARGETED_DEVICE_FAMILY = "1,2";
			};
			name = Release;
		};
		20E2CB2820D8FAED00753E46 /* Debug */ = {
			isa = XCBuildConfiguration;
			buildSettings = {
				BUNDLE_LOADER = "$(TEST_HOST)";
				CODE_SIGN_STYLE = Automatic;
				DEVELOPMENT_TEAM = 9ARJ6CAR26;
				INFOPLIST_FILE = ModuleManagerProtocolTests/Info.plist;
				LD_RUNPATH_SEARCH_PATHS = "$(inherited) @executable_path/Frameworks @loader_path/Frameworks";
				PRODUCT_BUNDLE_IDENTIFIER = hyj.ModuleManagerProtocolTests;
				PRODUCT_NAME = "$(TARGET_NAME)";
				TARGETED_DEVICE_FAMILY = "1,2";
				TEST_HOST = "$(BUILT_PRODUCTS_DIR)/ModuleManagerProtocol.app/ModuleManagerProtocol";
			};
			name = Debug;
		};
		20E2CB2920D8FAED00753E46 /* Release */ = {
			isa = XCBuildConfiguration;
			buildSettings = {
				BUNDLE_LOADER = "$(TEST_HOST)";
				CODE_SIGN_STYLE = Automatic;
				DEVELOPMENT_TEAM = 9ARJ6CAR26;
				INFOPLIST_FILE = ModuleManagerProtocolTests/Info.plist;
				LD_RUNPATH_SEARCH_PATHS = "$(inherited) @executable_path/Frameworks @loader_path/Frameworks";
				PRODUCT_BUNDLE_IDENTIFIER = hyj.ModuleManagerProtocolTests;
				PRODUCT_NAME = "$(TARGET_NAME)";
				TARGETED_DEVICE_FAMILY = "1,2";
				TEST_HOST = "$(BUILT_PRODUCTS_DIR)/ModuleManagerProtocol.app/ModuleManagerProtocol";
			};
			name = Release;
		};
		20E2CB2B20D8FAED00753E46 /* Debug */ = {
			isa = XCBuildConfiguration;
			buildSettings = {
				CODE_SIGN_STYLE = Automatic;
				DEVELOPMENT_TEAM = 9ARJ6CAR26;
				INFOPLIST_FILE = ModuleManagerProtocolUITests/Info.plist;
				LD_RUNPATH_SEARCH_PATHS = "$(inherited) @executable_path/Frameworks @loader_path/Frameworks";
				PRODUCT_BUNDLE_IDENTIFIER = hyj.ModuleManagerProtocolUITests;
				PRODUCT_NAME = "$(TARGET_NAME)";
				TARGETED_DEVICE_FAMILY = "1,2";
				TEST_TARGET_NAME = ModuleManagerProtocol;
			};
			name = Debug;
		};
		20E2CB2C20D8FAED00753E46 /* Release */ = {
			isa = XCBuildConfiguration;
			buildSettings = {
				CODE_SIGN_STYLE = Automatic;
				DEVELOPMENT_TEAM = 9ARJ6CAR26;
				INFOPLIST_FILE = ModuleManagerProtocolUITests/Info.plist;
				LD_RUNPATH_SEARCH_PATHS = "$(inherited) @executable_path/Frameworks @loader_path/Frameworks";
				PRODUCT_BUNDLE_IDENTIFIER = hyj.ModuleManagerProtocolUITests;
				PRODUCT_NAME = "$(TARGET_NAME)";
				TARGETED_DEVICE_FAMILY = "1,2";
				TEST_TARGET_NAME = ModuleManagerProtocol;
			};
			name = Release;
		};
/* End XCBuildConfiguration section */

/* Begin XCConfigurationList section */
		20E2CAF020D8FAEC00753E46 /* Build configuration list for PBXProject "ModuleManagerProtocol" */ = {
			isa = XCConfigurationList;
			buildConfigurations = (
				20E2CB2220D8FAED00753E46 /* Debug */,
				20E2CB2320D8FAED00753E46 /* Release */,
			);
			defaultConfigurationIsVisible = 0;
			defaultConfigurationName = Release;
		};
		20E2CB2420D8FAED00753E46 /* Build configuration list for PBXNativeTarget "ModuleManagerProtocol" */ = {
			isa = XCConfigurationList;
			buildConfigurations = (
				20E2CB2520D8FAED00753E46 /* Debug */,
				20E2CB2620D8FAED00753E46 /* Release */,
			);
			defaultConfigurationIsVisible = 0;
			defaultConfigurationName = Release;
		};
		20E2CB2720D8FAED00753E46 /* Build configuration list for PBXNativeTarget "ModuleManagerProtocolTests" */ = {
			isa = XCConfigurationList;
			buildConfigurations = (
				20E2CB2820D8FAED00753E46 /* Debug */,
				20E2CB2920D8FAED00753E46 /* Release */,
			);
			defaultConfigurationIsVisible = 0;
			defaultConfigurationName = Release;
		};
		20E2CB2A20D8FAED00753E46 /* Build configuration list for PBXNativeTarget "ModuleManagerProtocolUITests" */ = {
			isa = XCConfigurationList;
			buildConfigurations = (
				20E2CB2B20D8FAED00753E46 /* Debug */,
				20E2CB2C20D8FAED00753E46 /* Release */,
			);
			defaultConfigurationIsVisible = 0;
			defaultConfigurationName = Release;
		};
/* End XCConfigurationList section */

/* Begin XCVersionGroup section */
		20E2CB0120D8FAEC00753E46 /* ModuleManagerProtocol.xcdatamodeld */ = {
			isa = XCVersionGroup;
			children = (
				20E2CB0220D8FAEC00753E46 /* ModuleManagerProtocol.xcdatamodel */,
			);
			currentVersion = 20E2CB0220D8FAEC00753E46 /* ModuleManagerProtocol.xcdatamodel */;
			path = ModuleManagerProtocol.xcdatamodeld;
			sourceTree = "<group>";
			versionGroupType = wrapper.xcdatamodel;
		};
/* End XCVersionGroup section */
	};
	rootObject = 20E2CAED20D8FAEC00753E46 /* Project object */;
}
